packages:
  - name: dbt_utils
    package: dbt-labs/dbt_utils
    version: 1.3.0
  - name: dbt_constraints
    package: Snowflake-Labs/dbt_constraints
    version: 1.0.5
  - name: dbt_expectations
    package: metaplane/dbt_expectations
    version: 0.10.9
  - name: dbt_date
    package: godatadriven/dbt_date
    version: 0.15.0
sha1_hash: 68ed0813a5ef0e7f1c13e6c12bb5deeac29fe177
